symfony 2d4fb8ad502a80af475c7232b5497571ed32a641
twig 9154d27622a349fb1986cb9d48014c464a0e9d5b
monolog b704c49a3051536f67f2d39f13568f74615b9922
doctrine-common b886898821288d305862ee9c567cc5b5cbb4c0dc
doctrine-dbal 148a049df448af9772259e69a034e51c0c080805
doctrine e1647229cd2544bd77f10620e1b95a5781c4a733
swiftmailer 982b4c9498b7dd85e70f6d35e65d909c888e6345
assetic f829ad23d23c87480151a21faad49fefe7c09e5d
twig-extensions 446d870272cd87a720e95242eade38a2acf56eaa
metadata 8717ad2a5689480765d9ffafe925cd8a2457e582
SensioFrameworkExtraBundle 638f545b7020b9e9d5944a7e3167f60ed848250d
JMSSecurityExtraBundle 541a4c242328dc04b99540c75346cc74a7c0cfb5
SensioDistributionBundle 20b66a408084ad8752f98e50f10533f5245310bf
SensioGeneratorBundle b1ccb78c1743f30817b0fce9bb5c6baff6ed7bf8
AsseticBundle 41b5913b5086a0909af92adcb4a6005ee0051b16
FOSUserBundle 67300def4b2628512197c1fe05cd25727c309e20
KLUtilBundle a696a751765f4ea84c4e3f6953f35cf8840003c8
DoctrineExtensions 4ea498a6ca75de67e716355d3b3534ef363c4812
pagerfanta c490684def33e992241e7fad33bcbd03d9d18643
WhiteOctoberPagerfantaBundle 40209ef994fa2f342660d96bf6bea3f88171cd2d
Imagine 45da17251c3c6d8bbc2754f7ffa52e15916c829b
AvalancheImagineBundle caf07d845f8df2b8ba91dec772a24373dddeef85
FOSJsRoutingBundle 526cf7d21c89afa361299a6a547259e8c13fff69
SonataDoctrineORMAdminBundle 69fa11a3a468f3bec89bf290c660597b8a6d5e4b
SonataAdminBundle 4fea688885db59054112ef0b938769548a1df841
SonataBlockBundle 5243cd974d7e40e7eed4737533f9abdd698780b4
SonataCacheBundle 58064381afb1d72100da24ad15f70a7e0573ca11
SonatajQueryBundle 01ffb8d1a7a4bb3971aed003e4f1ef050a0701aa
KnpMenuBundle c20933d2b988a3bd0944a0fd9e00068c30f0d27f
KnpMenu ad10e1ec8f493bb29e28c02284f38c5afd4bfa07
Exporter be2921f67b291a22186164af27a3aab9a577db17